
Microsoft Visual Studio Solution File, Format Version 12.00
# Visual Studio 15
VisualStudioVersion = 15.0.26430.13
MinimumVisualStudioVersion = 10.0.40219.1
Project("{FAE04EC0-301F-11D3-BF4B-00C04F79EFBC}") = "ConsoleNorthwind", "ConsoleNorthwind\ConsoleNorthwind.csproj", "{4DF11B18-E316-43DD-8249-775A19858C94}"
EndProject
Project("{2150E333-8FDC-42A3-9474-1A3956D46DE8}") = "Data", "Data", "{6A6CAF66-FC5E-4E55-A34C-A83F04631F7B}"
	ProjectSection(SolutionItems) = preProject
		Northwind.bak.zip = Northwind.bak.zip
	EndProjectSection
EndProject
Project("{2150E333-8FDC-42A3-9474-1A3956D46DE8}") = "Sql", "Sql", "{596043C1-F464-47A6-BF21-6ED3EFBF5983}"
	ProjectSection(SolutionItems) = preProject
		1.0_LegacyNamingConvention.sql = 1.0_LegacyNamingConvention.sql
		1.1_AddNorthwindExtendedProperty.sql = 1.1_AddNorthwindExtendedProperty.sql
		1.2_CsvToInt.sql = 1.2_CsvToInt.sql
		1.3_GeographyTypes.sql = 1.3_GeographyTypes.sql
		2.0_Create-efdemofilter-Database.sql = 2.0_Create-efdemofilter-Database.sql
		2.1_CreateTables.sql = 2.1_CreateTables.sql
	EndProjectSection
EndProject
Project("{FAE04EC0-301F-11D3-BF4B-00C04F79EFBC}") = "Entities", "Entities\Entities.csproj", "{6FFF6DFE-2AD2-43AC-9F33-C5EC9CC48949}"
EndProject
Project("{FAE04EC0-301F-11D3-BF4B-00C04F79EFBC}") = "Interfaces", "Interfaces\Interfaces.csproj", "{7DA3AE54-C9AE-4EF7-A5BB-DCBDEDE8278A}"
EndProject
Global
	GlobalSection(SolutionConfigurationPlatforms) = preSolution
		Debug|Any CPU = Debug|Any CPU
		Release|Any CPU = Release|Any CPU
	EndGlobalSection
	GlobalSection(ProjectConfigurationPlatforms) = postSolution
		{4DF11B18-E316-43DD-8249-775A19858C94}.Debug|Any CPU.ActiveCfg = Debug|Any CPU
		{4DF11B18-E316-43DD-8249-775A19858C94}.Debug|Any CPU.Build.0 = Debug|Any CPU
		{4DF11B18-E316-43DD-8249-775A19858C94}.Release|Any CPU.ActiveCfg = Release|Any CPU
		{4DF11B18-E316-43DD-8249-775A19858C94}.Release|Any CPU.Build.0 = Release|Any CPU
		{6FFF6DFE-2AD2-43AC-9F33-C5EC9CC48949}.Debug|Any CPU.ActiveCfg = Debug|Any CPU
		{6FFF6DFE-2AD2-43AC-9F33-C5EC9CC48949}.Debug|Any CPU.Build.0 = Debug|Any CPU
		{6FFF6DFE-2AD2-43AC-9F33-C5EC9CC48949}.Release|Any CPU.ActiveCfg = Release|Any CPU
		{6FFF6DFE-2AD2-43AC-9F33-C5EC9CC48949}.Release|Any CPU.Build.0 = Release|Any CPU
		{7DA3AE54-C9AE-4EF7-A5BB-DCBDEDE8278A}.Debug|Any CPU.ActiveCfg = Debug|Any CPU
		{7DA3AE54-C9AE-4EF7-A5BB-DCBDEDE8278A}.Debug|Any CPU.Build.0 = Debug|Any CPU
		{7DA3AE54-C9AE-4EF7-A5BB-DCBDEDE8278A}.Release|Any CPU.ActiveCfg = Release|Any CPU
		{7DA3AE54-C9AE-4EF7-A5BB-DCBDEDE8278A}.Release|Any CPU.Build.0 = Release|Any CPU
	EndGlobalSection
	GlobalSection(SolutionProperties) = preSolution
		HideSolutionNode = FALSE
	EndGlobalSection
EndGlobal
